
Microsoft Visual Studio Solution File, Format Version 12.00
# Visual Studio Version 17
VisualStudioVersion = 17.1.32210.238
MinimumVisualStudioVersion = 10.0.40219.1
Project("{FAE04EC0-301F-11D3-BF4B-00C04F79EFBC}") = "cooperativa_datos", "cooperativa_datos\cooperativa_datos.csproj", "{0489518F-FC45-4E91-A8DA-2077672BACBB}"
EndProject
Project("{FAE04EC0-301F-11D3-BF4B-00C04F79EFBC}") = "cooperativa_negocio", "cooperativa_negocio\cooperativa_negocio.csproj", "{82440F86-416D-4BED-B0E4-C47D4276B68D}"
EndProject
Project("{FAE04EC0-301F-11D3-BF4B-00C04F79EFBC}") = "cooperativa_presentacion_desktop", "cooperativa_presentacion_desktop\cooperativa_presentacion_desktop.csproj", "{8ABBE17E-AACE-4256-9662-0EBB1662CB99}"
EndProject
Global
	GlobalSection(SolutionConfigurationPlatforms) = preSolution
		Debug|Any CPU = Debug|Any CPU
		Release|Any CPU = Release|Any CPU
	EndGlobalSection
	GlobalSection(ProjectConfigurationPlatforms) = postSolution
		{0489518F-FC45-4E91-A8DA-2077672BACBB}.Debug|Any CPU.ActiveCfg = Debug|Any CPU
		{0489518F-FC45-4E91-A8DA-2077672BACBB}.Debug|Any CPU.Build.0 = Debug|Any CPU
		{0489518F-FC45-4E91-A8DA-2077672BACBB}.Release|Any CPU.ActiveCfg = Release|Any CPU
		{0489518F-FC45-4E91-A8DA-2077672BACBB}.Release|Any CPU.Build.0 = Release|Any CPU
		{82440F86-416D-4BED-B0E4-C47D4276B68D}.Debug|Any CPU.ActiveCfg = Debug|Any CPU
		{82440F86-416D-4BED-B0E4-C47D4276B68D}.Debug|Any CPU.Build.0 = Debug|Any CPU
		{82440F86-416D-4BED-B0E4-C47D4276B68D}.Release|Any CPU.ActiveCfg = Release|Any CPU
		{82440F86-416D-4BED-B0E4-C47D4276B68D}.Release|Any CPU.Build.0 = Release|Any CPU
		{8ABBE17E-AACE-4256-9662-0EBB1662CB99}.Debug|Any CPU.ActiveCfg = Debug|Any CPU
		{8ABBE17E-AACE-4256-9662-0EBB1662CB99}.Debug|Any CPU.Build.0 = Debug|Any CPU
		{8ABBE17E-AACE-4256-9662-0EBB1662CB99}.Release|Any CPU.ActiveCfg = Release|Any CPU
		{8ABBE17E-AACE-4256-9662-0EBB1662CB99}.Release|Any CPU.Build.0 = Release|Any CPU
	EndGlobalSection
	GlobalSection(SolutionProperties) = preSolution
		HideSolutionNode = FALSE
	EndGlobalSection
	GlobalSection(ExtensibilityGlobals) = postSolution
		SolutionGuid = {A1E2EF32-29E1-4F3C-BA93-636643730494}
	EndGlobalSection
EndGlobal
